{
    "_readme": [
        "This file locks the dependencies of your project to a known state",
        "Read more about it at https://getcomposer.org/doc/01-basic-usage.md#installing-dependencies",
        "This file is @generated automatically"
    ],
    "content-hash": "bb506b984efd068ee0fdc2ecdbdaac0a",
    "packages": [
        {
            "name": "appwrite/appwrite",
            "version": "7.0.0",
            "source": {
                "type": "git",
                "url": "https://github.com/appwrite/sdk-for-php.git",
                "reference": "28c7b0d501f987efc47625c5729ae0bfb02fb685"
            },
            "dist": {
                "type": "zip",
                "url": "https://api.github.com/repos/appwrite/sdk-for-php/zipball/28c7b0d501f987efc47625c5729ae0bfb02fb685",
                "reference": "28c7b0d501f987efc47625c5729ae0bfb02fb685",
                "shasum": ""
            },
            "require": {
                "ext-curl": "*",
                "ext-json": "*",
                "php": ">=7.1.0"
            },
            "require-dev": {
                "phpunit/phpunit": "3.7.35"
            },
            "type": "library",
            "autoload": {
                "psr-4": {
                    "Appwrite\\": "src/Appwrite"
                }
            },
            "notification-url": "https://packagist.org/downloads/",
            "license": [
                "BSD-3-Clause"
            ],
            "description": "Appwrite is an open-source self-hosted backend server that abstract and simplify complex and repetitive development tasks behind a very simple REST API",
            "support": {
                "email": "team@appwrite.io",
                "issues": "https://github.com/appwrite/sdk-for-php/issues",
                "source": "https://github.com/appwrite/sdk-for-php/tree/7.0.0",
                "url": "https://appwrite.io/support"
            },
            "time": "2022-09-14T10:46:42+00:00"
        },
        {
            "name": "shuchkin/simplexlsxgen",
            "version": "1.2.16",
            "source": {
                "type": "git",
                "url": "https://github.com/shuchkin/simplexlsxgen.git",
                "reference": "aff0fa243d85c3c9fad9efd9adcd04bc47d421e2"
            },
            "dist": {
                "type": "zip",
                "url": "https://api.github.com/repos/shuchkin/simplexlsxgen/zipball/aff0fa243d85c3c9fad9efd9adcd04bc47d421e2",
                "reference": "aff0fa243d85c3c9fad9efd9adcd04bc47d421e2",
                "shasum": ""
            },
            "require": {
                "ext-mbstring": "*",
                "ext-zlib": "*",
                "php": ">=5.4"
            },
            "type": "library",
            "autoload": {
                "classmap": [
                    "src/SimpleXLSXGen.php"
                ]
            },
            "notification-url": "https://packagist.org/downloads/",
            "license": [
                "MIT"
            ],
            "authors": [
                {
                    "name": "Sergey Shuchkin (SMSPILOT)",
                    "email": "sergey.shuchkin@gmail.com",
                    "homepage": "https://shuchkin.ru/"
                }
            ],
            "description": "Export data to Excel XLSx file. PHP XLSX generator.",
            "homepage": "https://github.com/shuchkin/simplexlsxgen",
            "keywords": [
                "backend",
                "creator",
                "excel",
                "generator",
                "php",
                "xlsx"
            ],
            "support": {
                "issues": "https://github.com/shuchkin/simplexlsxgen/issues",
                "source": "https://github.com/shuchkin/simplexlsxgen/tree/1.2.16"
            },
            "time": "2022-08-12T12:57:41+00:00"
        }
    ],
    "packages-dev": [],
    "aliases": [],
    "minimum-stability": "stable",
    "stability-flags": [],
    "prefer-stable": false,
    "prefer-lowest": false,
    "platform": {
        "php": ">=8.0.0"
    },
    "platform-dev": [],
    "plugin-api-version": "2.2.0"
}
